
Microsoft Visual Studio Solution File, Format Version 12.00
# Visual Studio Version 16
VisualStudioVersion = 16.0.31025.194
MinimumVisualStudioVersion = 10.0.40219.1
Project("{9A19103F-16F7-4668-BE54-9A1E7A4F7556}") = "ActividadEstudiante", "ActividadEstudiante\ActividadEstudiante.csproj", "{ECD5B441-DB12-48A1-8C70-EBBFE6D9F455}"
EndProject
Global
	GlobalSection(SolutionConfigurationPlatforms) = preSolution
		Debug|Any CPU = Debug|Any CPU
		Release|Any CPU = Release|Any CPU
	EndGlobalSection
	GlobalSection(ProjectConfigurationPlatforms) = postSolution
		{ECD5B441-DB12-48A1-8C70-EBBFE6D9F455}.Debug|Any CPU.ActiveCfg = Debug|Any CPU
		{ECD5B441-DB12-48A1-8C70-EBBFE6D9F455}.Debug|Any CPU.Build.0 = Debug|Any CPU
		{ECD5B441-DB12-48A1-8C70-EBBFE6D9F455}.Release|Any CPU.ActiveCfg = Release|Any CPU
		{ECD5B441-DB12-48A1-8C70-EBBFE6D9F455}.Release|Any CPU.Build.0 = Release|Any CPU
	EndGlobalSection
	GlobalSection(SolutionProperties) = preSolution
		HideSolutionNode = FALSE
	EndGlobalSection
	GlobalSection(ExtensibilityGlobals) = postSolution
		SolutionGuid = {16F79219-9F3E-411F-95BC-E04D391B68CE}
	EndGlobalSection
EndGlobal
